
Microsoft Visual Studio Solution File, Format Version 12.00
# Visual Studio Version 16
VisualStudioVersion = 16.0.28803.452
MinimumVisualStudioVersion = 10.0.40219.1
Project("{FAE04EC0-301F-11D3-BF4B-00C04F79EFBC}") = "FileReadAndWrite", "FileReadAndWrite\FileReadAndWrite.csproj", "{864EE12E-E45B-4512-8D51-D6108A5388E7}"
EndProject
Global
	GlobalSection(SolutionConfigurationPlatforms) = preSolution
		Debug|Any CPU = Debug|Any CPU
		Release|Any CPU = Release|Any CPU
	EndGlobalSection
	GlobalSection(ProjectConfigurationPlatforms) = postSolution
		{864EE12E-E45B-4512-8D51-D6108A5388E7}.Debug|Any CPU.ActiveCfg = Debug|Any CPU
		{864EE12E-E45B-4512-8D51-D6108A5388E7}.Debug|Any CPU.Build.0 = Debug|Any CPU
		{864EE12E-E45B-4512-8D51-D6108A5388E7}.Release|Any CPU.ActiveCfg = Release|Any CPU
		{864EE12E-E45B-4512-8D51-D6108A5388E7}.Release|Any CPU.Build.0 = Release|Any CPU
	EndGlobalSection
	GlobalSection(SolutionProperties) = preSolution
		HideSolutionNode = FALSE
	EndGlobalSection
	GlobalSection(ExtensibilityGlobals) = postSolution
		SolutionGuid = {7D493833-CCBF-453C-AC5B-6DD6C9A3E3DD}
	EndGlobalSection
EndGlobal
